
Microsoft Visual Studio Solution File, Format Version 11.00
# Visual Studio 2010
Project("{FAE04EC0-301F-11D3-BF4B-00C04F79EFBC}") = "WindowsFormsApplication4", "WindowsFormsApplication4\WindowsFormsApplication4.csproj", "{01C812C3-E2C4-4FBE-972C-D2D9E64DF3E2}"
EndProject
Project("{FAE04EC0-301F-11D3-BF4B-00C04F79EFBC}") = "MaterialSkin", "..\..\..\..\Downloads\MaterialSkin-master\MaterialSkin-master\MaterialSkin\MaterialSkin.csproj", "{8EB7611B-68CD-4B8B-987A-11717E2B250C}"
EndProject
Global
	GlobalSection(SolutionConfigurationPlatforms) = preSolution
		Debug|Any CPU = Debug|Any CPU
		Debug|Mixed Platforms = Debug|Mixed Platforms
		Debug|x86 = Debug|x86
		Release|Any CPU = Release|Any CPU
		Release|Mixed Platforms = Release|Mixed Platforms
		Release|x86 = Release|x86
	EndGlobalSection
	GlobalSection(ProjectConfigurationPlatforms) = postSolution
		{01C812C3-E2C4-4FBE-972C-D2D9E64DF3E2}.Debug|Any CPU.ActiveCfg = Debug|x86
		{01C812C3-E2C4-4FBE-972C-D2D9E64DF3E2}.Debug|Mixed Platforms.ActiveCfg = Debug|x86
		{01C812C3-E2C4-4FBE-972C-D2D9E64DF3E2}.Debug|Mixed Platforms.Build.0 = Debug|x86
		{01C812C3-E2C4-4FBE-972C-D2D9E64DF3E2}.Debug|x86.ActiveCfg = Debug|x86
		{01C812C3-E2C4-4FBE-972C-D2D9E64DF3E2}.Debug|x86.Build.0 = Debug|x86
		{01C812C3-E2C4-4FBE-972C-D2D9E64DF3E2}.Release|Any CPU.ActiveCfg = Release|x86
		{01C812C3-E2C4-4FBE-972C-D2D9E64DF3E2}.Release|Mixed Platforms.ActiveCfg = Release|x86
		{01C812C3-E2C4-4FBE-972C-D2D9E64DF3E2}.Release|Mixed Platforms.Build.0 = Release|x86
		{01C812C3-E2C4-4FBE-972C-D2D9E64DF3E2}.Release|x86.ActiveCfg = Release|x86
		{01C812C3-E2C4-4FBE-972C-D2D9E64DF3E2}.Release|x86.Build.0 = Release|x86
		{8EB7611B-68CD-4B8B-987A-11717E2B250C}.Debug|Any CPU.ActiveCfg = Debug|Any CPU
		{8EB7611B-68CD-4B8B-987A-11717E2B250C}.Debug|Any CPU.Build.0 = Debug|Any CPU
		{8EB7611B-68CD-4B8B-987A-11717E2B250C}.Debug|Mixed Platforms.ActiveCfg = Debug|Any CPU
		{8EB7611B-68CD-4B8B-987A-11717E2B250C}.Debug|Mixed Platforms.Build.0 = Debug|Any CPU
		{8EB7611B-68CD-4B8B-987A-11717E2B250C}.Debug|x86.ActiveCfg = Debug|Any CPU
		{8EB7611B-68CD-4B8B-987A-11717E2B250C}.Release|Any CPU.ActiveCfg = Release|Any CPU
		{8EB7611B-68CD-4B8B-987A-11717E2B250C}.Release|Any CPU.Build.0 = Release|Any CPU
		{8EB7611B-68CD-4B8B-987A-11717E2B250C}.Release|Mixed Platforms.ActiveCfg = Release|Any CPU
		{8EB7611B-68CD-4B8B-987A-11717E2B250C}.Release|Mixed Platforms.Build.0 = Release|Any CPU
		{8EB7611B-68CD-4B8B-987A-11717E2B250C}.Release|x86.ActiveCfg = Release|Any CPU
	EndGlobalSection
	GlobalSection(SolutionProperties) = preSolution
		HideSolutionNode = FALSE
	EndGlobalSection
EndGlobal
